
Microsoft Visual Studio Solution File, Format Version 11.00
# Visual Studio 2010
Project("{FAE04EC0-301F-11D3-BF4B-00C04F79EFBC}") = "LocalyticsSampleApp", "LocalyticsSampleApp.csproj", "{EDF13CBA-285E-484E-895D-3C2AC432AE2B}"
EndProject
Global
	GlobalSection(SolutionConfigurationPlatforms) = preSolution
		Debug|iPhoneSimulator = Debug|iPhoneSimulator
		Release|iPhoneSimulator = Release|iPhoneSimulator
		Debug|iPhone = Debug|iPhone
		Release|iPhone = Release|iPhone
	EndGlobalSection
	GlobalSection(ProjectConfigurationPlatforms) = postSolution
		{EDF13CBA-285E-484E-895D-3C2AC432AE2B}.Debug|iPhone.ActiveCfg = Debug|iPhone
		{EDF13CBA-285E-484E-895D-3C2AC432AE2B}.Debug|iPhone.Build.0 = Debug|iPhone
		{EDF13CBA-285E-484E-895D-3C2AC432AE2B}.Debug|iPhoneSimulator.ActiveCfg = Debug|iPhoneSimulator
		{EDF13CBA-285E-484E-895D-3C2AC432AE2B}.Debug|iPhoneSimulator.Build.0 = Debug|iPhoneSimulator
		{EDF13CBA-285E-484E-895D-3C2AC432AE2B}.Release|iPhone.ActiveCfg = Release|iPhone
		{EDF13CBA-285E-484E-895D-3C2AC432AE2B}.Release|iPhone.Build.0 = Release|iPhone
		{EDF13CBA-285E-484E-895D-3C2AC432AE2B}.Release|iPhoneSimulator.ActiveCfg = Release|iPhoneSimulator
		{EDF13CBA-285E-484E-895D-3C2AC432AE2B}.Release|iPhoneSimulator.Build.0 = Release|iPhoneSimulator
	EndGlobalSection
	GlobalSection(MonoDevelopProperties) = preSolution
		StartupItem = LocalyticsSampleApp.csproj
	EndGlobalSection
EndGlobal
